
Microsoft Visual Studio Solution File, Format Version 12.00
# Visual Studio Version 17
VisualStudioVersion = 17.5.33516.290
MinimumVisualStudioVersion = 10.0.40219.1
Project("{FAE04EC0-301F-11D3-BF4B-00C04F79EFBC}") = "CarPoolingSystem_Requirment2", "CarPoolingSystem_Requirment2.csproj", "{A80A4617-EC3B-42D5-828B-5DD5C4E2AE25}"
EndProject
Global
	GlobalSection(SolutionConfigurationPlatforms) = preSolution
		Debug|Any CPU = Debug|Any CPU
		Release|Any CPU = Release|Any CPU
	EndGlobalSection
	GlobalSection(ProjectConfigurationPlatforms) = postSolution
		{A80A4617-EC3B-42D5-828B-5DD5C4E2AE25}.Debug|Any CPU.ActiveCfg = Debug|Any CPU
		{A80A4617-EC3B-42D5-828B-5DD5C4E2AE25}.Debug|Any CPU.Build.0 = Debug|Any CPU
		{A80A4617-EC3B-42D5-828B-5DD5C4E2AE25}.Release|Any CPU.ActiveCfg = Release|Any CPU
		{A80A4617-EC3B-42D5-828B-5DD5C4E2AE25}.Release|Any CPU.Build.0 = Release|Any CPU
	EndGlobalSection
	GlobalSection(SolutionProperties) = preSolution
		HideSolutionNode = FALSE
	EndGlobalSection
	GlobalSection(ExtensibilityGlobals) = postSolution
		SolutionGuid = {D4363E06-70FF-4AD3-8AF2-348A59A71151}
	EndGlobalSection
EndGlobal
