
Microsoft Visual Studio Solution File, Format Version 12.00
# Visual Studio Version 17
VisualStudioVersion = 17.5.33516.290
MinimumVisualStudioVersion = 10.0.40219.1
Project("{FAE04EC0-301F-11D3-BF4B-00C04F79EFBC}") = "AsynchMethodExample3", "AsynchMethodExample3.csproj", "{6F27D50C-A739-42EC-8970-F7BD64C09610}"
EndProject
Global
	GlobalSection(SolutionConfigurationPlatforms) = preSolution
		Debug|Any CPU = Debug|Any CPU
		Release|Any CPU = Release|Any CPU
	EndGlobalSection
	GlobalSection(ProjectConfigurationPlatforms) = postSolution
		{6F27D50C-A739-42EC-8970-F7BD64C09610}.Debug|Any CPU.ActiveCfg = Debug|Any CPU
		{6F27D50C-A739-42EC-8970-F7BD64C09610}.Debug|Any CPU.Build.0 = Debug|Any CPU
		{6F27D50C-A739-42EC-8970-F7BD64C09610}.Release|Any CPU.ActiveCfg = Release|Any CPU
		{6F27D50C-A739-42EC-8970-F7BD64C09610}.Release|Any CPU.Build.0 = Release|Any CPU
	EndGlobalSection
	GlobalSection(SolutionProperties) = preSolution
		HideSolutionNode = FALSE
	EndGlobalSection
	GlobalSection(ExtensibilityGlobals) = postSolution
		SolutionGuid = {953BDD64-076E-4059-B720-E9EB73217FD3}
	EndGlobalSection
EndGlobal
