
Microsoft Visual Studio Solution File, Format Version 12.00
# Visual Studio Version 17
VisualStudioVersion = 17.5.33516.290
MinimumVisualStudioVersion = 10.0.40219.1
Project("{FAE04EC0-301F-11D3-BF4B-00C04F79EFBC}") = "cc_Qstn1", "cc_Qstn1.csproj", "{2C19C70E-2390-427B-9347-8C5F36AB1F4D}"
EndProject
Global
	GlobalSection(SolutionConfigurationPlatforms) = preSolution
		Debug|Any CPU = Debug|Any CPU
		Release|Any CPU = Release|Any CPU
	EndGlobalSection
	GlobalSection(ProjectConfigurationPlatforms) = postSolution
		{2C19C70E-2390-427B-9347-8C5F36AB1F4D}.Debug|Any CPU.ActiveCfg = Debug|Any CPU
		{2C19C70E-2390-427B-9347-8C5F36AB1F4D}.Debug|Any CPU.Build.0 = Debug|Any CPU
		{2C19C70E-2390-427B-9347-8C5F36AB1F4D}.Release|Any CPU.ActiveCfg = Release|Any CPU
		{2C19C70E-2390-427B-9347-8C5F36AB1F4D}.Release|Any CPU.Build.0 = Release|Any CPU
	EndGlobalSection
	GlobalSection(SolutionProperties) = preSolution
		HideSolutionNode = FALSE
	EndGlobalSection
	GlobalSection(ExtensibilityGlobals) = postSolution
		SolutionGuid = {093FE66B-49F6-4A5B-B522-D1221A407FC9}
	EndGlobalSection
EndGlobal
