
Microsoft Visual Studio Solution File, Format Version 12.00
# Visual Studio Version 17
VisualStudioVersion = 17.5.33516.290
MinimumVisualStudioVersion = 10.0.40219.1
Project("{FAE04EC0-301F-11D3-BF4B-00C04F79EFBC}") = "AsureExampleWeb", "AsureExampleWeb.csproj", "{F60E42D1-DF1E-4B1C-9CC3-70D56C77CAFB}"
EndProject
Global
	GlobalSection(SolutionConfigurationPlatforms) = preSolution
		Debug|Any CPU = Debug|Any CPU
		Release|Any CPU = Release|Any CPU
	EndGlobalSection
	GlobalSection(ProjectConfigurationPlatforms) = postSolution
		{F60E42D1-DF1E-4B1C-9CC3-70D56C77CAFB}.Debug|Any CPU.ActiveCfg = Debug|Any CPU
		{F60E42D1-DF1E-4B1C-9CC3-70D56C77CAFB}.Debug|Any CPU.Build.0 = Debug|Any CPU
		{F60E42D1-DF1E-4B1C-9CC3-70D56C77CAFB}.Release|Any CPU.ActiveCfg = Release|Any CPU
		{F60E42D1-DF1E-4B1C-9CC3-70D56C77CAFB}.Release|Any CPU.Build.0 = Release|Any CPU
	EndGlobalSection
	GlobalSection(SolutionProperties) = preSolution
		HideSolutionNode = FALSE
	EndGlobalSection
	GlobalSection(ExtensibilityGlobals) = postSolution
		SolutionGuid = {BE67665D-A081-4B42-A715-D9D4390B6C92}
	EndGlobalSection
EndGlobal
