
Microsoft Visual Studio Solution File, Format Version 12.00
# Visual Studio Version 17
VisualStudioVersion = 17.5.33516.290
MinimumVisualStudioVersion = 10.0.40219.1
Project("{FAE04EC0-301F-11D3-BF4B-00C04F79EFBC}") = "QSTN2", "QSTN2.csproj", "{754F049B-4924-4F3A-8390-822BC5AD30EC}"
EndProject
Global
	GlobalSection(SolutionConfigurationPlatforms) = preSolution
		Debug|Any CPU = Debug|Any CPU
		Release|Any CPU = Release|Any CPU
	EndGlobalSection
	GlobalSection(ProjectConfigurationPlatforms) = postSolution
		{754F049B-4924-4F3A-8390-822BC5AD30EC}.Debug|Any CPU.ActiveCfg = Debug|Any CPU
		{754F049B-4924-4F3A-8390-822BC5AD30EC}.Debug|Any CPU.Build.0 = Debug|Any CPU
		{754F049B-4924-4F3A-8390-822BC5AD30EC}.Release|Any CPU.ActiveCfg = Release|Any CPU
		{754F049B-4924-4F3A-8390-822BC5AD30EC}.Release|Any CPU.Build.0 = Release|Any CPU
	EndGlobalSection
	GlobalSection(SolutionProperties) = preSolution
		HideSolutionNode = FALSE
	EndGlobalSection
	GlobalSection(ExtensibilityGlobals) = postSolution
		SolutionGuid = {EA89BF85-0AF1-4008-9D8D-D80962575DED}
	EndGlobalSection
EndGlobal
