
Microsoft Visual Studio Solution File, Format Version 12.00
# Visual Studio Version 17
VisualStudioVersion = 17.5.33516.290
MinimumVisualStudioVersion = 10.0.40219.1
Project("{FAE04EC0-301F-11D3-BF4B-00C04F79EFBC}") = "UserEmp", "UserEmp.csproj", "{AF95B99E-AE70-4BDE-8F12-B9022B380C5D}"
EndProject
Global
	GlobalSection(SolutionConfigurationPlatforms) = preSolution
		Debug|Any CPU = Debug|Any CPU
		Release|Any CPU = Release|Any CPU
	EndGlobalSection
	GlobalSection(ProjectConfigurationPlatforms) = postSolution
		{AF95B99E-AE70-4BDE-8F12-B9022B380C5D}.Debug|Any CPU.ActiveCfg = Debug|Any CPU
		{AF95B99E-AE70-4BDE-8F12-B9022B380C5D}.Debug|Any CPU.Build.0 = Debug|Any CPU
		{AF95B99E-AE70-4BDE-8F12-B9022B380C5D}.Release|Any CPU.ActiveCfg = Release|Any CPU
		{AF95B99E-AE70-4BDE-8F12-B9022B380C5D}.Release|Any CPU.Build.0 = Release|Any CPU
	EndGlobalSection
	GlobalSection(SolutionProperties) = preSolution
		HideSolutionNode = FALSE
	EndGlobalSection
	GlobalSection(ExtensibilityGlobals) = postSolution
		SolutionGuid = {2C912382-BDD1-4F28-A543-418B8C13E33F}
	EndGlobalSection
EndGlobal
