
Microsoft Visual Studio Solution File, Format Version 12.00
# Visual Studio Version 17
VisualStudioVersion = 17.5.33516.290
MinimumVisualStudioVersion = 10.0.40219.1
Project("{FAE04EC0-301F-11D3-BF4B-00C04F79EFBC}") = "feecollection_codeChallenge", "feecollection_codeChallenge.csproj", "{24F97865-2C55-444B-AB0A-3D4B648D10D6}"
EndProject
Global
	GlobalSection(SolutionConfigurationPlatforms) = preSolution
		Debug|Any CPU = Debug|Any CPU
		Release|Any CPU = Release|Any CPU
	EndGlobalSection
	GlobalSection(ProjectConfigurationPlatforms) = postSolution
		{24F97865-2C55-444B-AB0A-3D4B648D10D6}.Debug|Any CPU.ActiveCfg = Debug|Any CPU
		{24F97865-2C55-444B-AB0A-3D4B648D10D6}.Debug|Any CPU.Build.0 = Debug|Any CPU
		{24F97865-2C55-444B-AB0A-3D4B648D10D6}.Release|Any CPU.ActiveCfg = Release|Any CPU
		{24F97865-2C55-444B-AB0A-3D4B648D10D6}.Release|Any CPU.Build.0 = Release|Any CPU
	EndGlobalSection
	GlobalSection(SolutionProperties) = preSolution
		HideSolutionNode = FALSE
	EndGlobalSection
	GlobalSection(ExtensibilityGlobals) = postSolution
		SolutionGuid = {FF27F2BE-0ADE-436A-AE8F-BC67B6B0DFB9}
	EndGlobalSection
EndGlobal
