
Microsoft Visual Studio Solution File, Format Version 12.00
# Visual Studio Version 17
VisualStudioVersion = 17.5.33516.290
MinimumVisualStudioVersion = 10.0.40219.1
Project("{FAE04EC0-301F-11D3-BF4B-00C04F79EFBC}") = "prgm1", "prgm1.csproj", "{10B06E64-E378-4BC8-B1C8-22C95ACB15BC}"
EndProject
Global
	GlobalSection(SolutionConfigurationPlatforms) = preSolution
		Debug|Any CPU = Debug|Any CPU
		Release|Any CPU = Release|Any CPU
	EndGlobalSection
	GlobalSection(ProjectConfigurationPlatforms) = postSolution
		{10B06E64-E378-4BC8-B1C8-22C95ACB15BC}.Debug|Any CPU.ActiveCfg = Debug|Any CPU
		{10B06E64-E378-4BC8-B1C8-22C95ACB15BC}.Debug|Any CPU.Build.0 = Debug|Any CPU
		{10B06E64-E378-4BC8-B1C8-22C95ACB15BC}.Release|Any CPU.ActiveCfg = Release|Any CPU
		{10B06E64-E378-4BC8-B1C8-22C95ACB15BC}.Release|Any CPU.Build.0 = Release|Any CPU
	EndGlobalSection
	GlobalSection(SolutionProperties) = preSolution
		HideSolutionNode = FALSE
	EndGlobalSection
	GlobalSection(ExtensibilityGlobals) = postSolution
		SolutionGuid = {B41DEA81-284E-46D0-90B2-A4118287C42B}
	EndGlobalSection
EndGlobal
