
Microsoft Visual Studio Solution File, Format Version 12.00
# Visual Studio Version 17
VisualStudioVersion = 17.5.33516.290
MinimumVisualStudioVersion = 10.0.40219.1
Project("{FAE04EC0-301F-11D3-BF4B-00C04F79EFBC}") = "webapi", "webapi.csproj", "{01510FA5-9483-4092-B616-9B7276A861D1}"
EndProject
Global
	GlobalSection(SolutionConfigurationPlatforms) = preSolution
		Debug|Any CPU = Debug|Any CPU
		Release|Any CPU = Release|Any CPU
	EndGlobalSection
	GlobalSection(ProjectConfigurationPlatforms) = postSolution
		{01510FA5-9483-4092-B616-9B7276A861D1}.Debug|Any CPU.ActiveCfg = Debug|Any CPU
		{01510FA5-9483-4092-B616-9B7276A861D1}.Debug|Any CPU.Build.0 = Debug|Any CPU
		{01510FA5-9483-4092-B616-9B7276A861D1}.Release|Any CPU.ActiveCfg = Release|Any CPU
		{01510FA5-9483-4092-B616-9B7276A861D1}.Release|Any CPU.Build.0 = Release|Any CPU
	EndGlobalSection
	GlobalSection(SolutionProperties) = preSolution
		HideSolutionNode = FALSE
	EndGlobalSection
	GlobalSection(ExtensibilityGlobals) = postSolution
		SolutionGuid = {3A54DA4B-C13E-4548-B619-C188C4E86BFB}
	EndGlobalSection
EndGlobal
