
Microsoft Visual Studio Solution File, Format Version 12.00
# Visual Studio Version 17
VisualStudioVersion = 17.5.33516.290
MinimumVisualStudioVersion = 10.0.40219.1
Project("{FAE04EC0-301F-11D3-BF4B-00C04F79EFBC}") = "CompareDemo", "CompareDemo.csproj", "{1A5AD424-4C7E-4538-8065-6931BEDA1481}"
EndProject
Global
	GlobalSection(SolutionConfigurationPlatforms) = preSolution
		Debug|Any CPU = Debug|Any CPU
		Release|Any CPU = Release|Any CPU
	EndGlobalSection
	GlobalSection(ProjectConfigurationPlatforms) = postSolution
		{1A5AD424-4C7E-4538-8065-6931BEDA1481}.Debug|Any CPU.ActiveCfg = Debug|Any CPU
		{1A5AD424-4C7E-4538-8065-6931BEDA1481}.Debug|Any CPU.Build.0 = Debug|Any CPU
		{1A5AD424-4C7E-4538-8065-6931BEDA1481}.Release|Any CPU.ActiveCfg = Release|Any CPU
		{1A5AD424-4C7E-4538-8065-6931BEDA1481}.Release|Any CPU.Build.0 = Release|Any CPU
	EndGlobalSection
	GlobalSection(SolutionProperties) = preSolution
		HideSolutionNode = FALSE
	EndGlobalSection
	GlobalSection(ExtensibilityGlobals) = postSolution
		SolutionGuid = {87D8DD7C-7214-4552-9E7A-544EA5D47B40}
	EndGlobalSection
EndGlobal
