
Microsoft Visual Studio Solution File, Format Version 12.00
# Visual Studio Version 17
VisualStudioVersion = 17.5.33516.290
MinimumVisualStudioVersion = 10.0.40219.1
Project("{FAE04EC0-301F-11D3-BF4B-00C04F79EFBC}") = "SelectionSort", "SelectionSort.csproj", "{2107C22C-57D5-4C5B-9B39-0B2504C61083}"
EndProject
Global
	GlobalSection(SolutionConfigurationPlatforms) = preSolution
		Debug|Any CPU = Debug|Any CPU
		Release|Any CPU = Release|Any CPU
	EndGlobalSection
	GlobalSection(ProjectConfigurationPlatforms) = postSolution
		{2107C22C-57D5-4C5B-9B39-0B2504C61083}.Debug|Any CPU.ActiveCfg = Debug|Any CPU
		{2107C22C-57D5-4C5B-9B39-0B2504C61083}.Debug|Any CPU.Build.0 = Debug|Any CPU
		{2107C22C-57D5-4C5B-9B39-0B2504C61083}.Release|Any CPU.ActiveCfg = Release|Any CPU
		{2107C22C-57D5-4C5B-9B39-0B2504C61083}.Release|Any CPU.Build.0 = Release|Any CPU
	EndGlobalSection
	GlobalSection(SolutionProperties) = preSolution
		HideSolutionNode = FALSE
	EndGlobalSection
	GlobalSection(ExtensibilityGlobals) = postSolution
		SolutionGuid = {6E5ADD3D-4223-466F-9182-E1D67FCB850D}
	EndGlobalSection
EndGlobal
