
Microsoft Visual Studio Solution File, Format Version 12.00
# Visual Studio Version 17
VisualStudioVersion = 17.5.33516.290
MinimumVisualStudioVersion = 10.0.40219.1
Project("{FAE04EC0-301F-11D3-BF4B-00C04F79EFBC}") = "ExceptionHandling2", "ExceptionHandling2.csproj", "{27D21C3D-40AC-4C90-9520-CABAD8676B6E}"
EndProject
Global
	GlobalSection(SolutionConfigurationPlatforms) = preSolution
		Debug|Any CPU = Debug|Any CPU
		Release|Any CPU = Release|Any CPU
	EndGlobalSection
	GlobalSection(ProjectConfigurationPlatforms) = postSolution
		{27D21C3D-40AC-4C90-9520-CABAD8676B6E}.Debug|Any CPU.ActiveCfg = Debug|Any CPU
		{27D21C3D-40AC-4C90-9520-CABAD8676B6E}.Debug|Any CPU.Build.0 = Debug|Any CPU
		{27D21C3D-40AC-4C90-9520-CABAD8676B6E}.Release|Any CPU.ActiveCfg = Release|Any CPU
		{27D21C3D-40AC-4C90-9520-CABAD8676B6E}.Release|Any CPU.Build.0 = Release|Any CPU
	EndGlobalSection
	GlobalSection(SolutionProperties) = preSolution
		HideSolutionNode = FALSE
	EndGlobalSection
	GlobalSection(ExtensibilityGlobals) = postSolution
		SolutionGuid = {A0B4D0A8-11E3-4957-A764-456297508B9A}
	EndGlobalSection
EndGlobal
