
Microsoft Visual Studio Solution File, Format Version 12.00
# Visual Studio Version 17
VisualStudioVersion = 17.5.33516.290
MinimumVisualStudioVersion = 10.0.40219.1
Project("{FAE04EC0-301F-11D3-BF4B-00C04F79EFBC}") = "qstn2final", "qstn2final.csproj", "{BC6C13E5-F620-4C3C-8379-C7ED1CE8A81C}"
EndProject
Global
	GlobalSection(SolutionConfigurationPlatforms) = preSolution
		Debug|Any CPU = Debug|Any CPU
		Release|Any CPU = Release|Any CPU
	EndGlobalSection
	GlobalSection(ProjectConfigurationPlatforms) = postSolution
		{BC6C13E5-F620-4C3C-8379-C7ED1CE8A81C}.Debug|Any CPU.ActiveCfg = Debug|Any CPU
		{BC6C13E5-F620-4C3C-8379-C7ED1CE8A81C}.Debug|Any CPU.Build.0 = Debug|Any CPU
		{BC6C13E5-F620-4C3C-8379-C7ED1CE8A81C}.Release|Any CPU.ActiveCfg = Release|Any CPU
		{BC6C13E5-F620-4C3C-8379-C7ED1CE8A81C}.Release|Any CPU.Build.0 = Release|Any CPU
	EndGlobalSection
	GlobalSection(SolutionProperties) = preSolution
		HideSolutionNode = FALSE
	EndGlobalSection
	GlobalSection(ExtensibilityGlobals) = postSolution
		SolutionGuid = {F0DE5CC4-AE7A-49E6-9C43-A3EF0D2690DC}
	EndGlobalSection
EndGlobal
