
Microsoft Visual Studio Solution File, Format Version 12.00
# Visual Studio Version 17
VisualStudioVersion = 17.5.33516.290
MinimumVisualStudioVersion = 10.0.40219.1
Project("{FAE04EC0-301F-11D3-BF4B-00C04F79EFBC}") = "QSTN5_CC", "QSTN5_CC.csproj", "{BB94A495-5D7B-4A05-B1CB-9165C66BA1BE}"
EndProject
Global
	GlobalSection(SolutionConfigurationPlatforms) = preSolution
		Debug|Any CPU = Debug|Any CPU
		Release|Any CPU = Release|Any CPU
	EndGlobalSection
	GlobalSection(ProjectConfigurationPlatforms) = postSolution
		{BB94A495-5D7B-4A05-B1CB-9165C66BA1BE}.Debug|Any CPU.ActiveCfg = Debug|Any CPU
		{BB94A495-5D7B-4A05-B1CB-9165C66BA1BE}.Debug|Any CPU.Build.0 = Debug|Any CPU
		{BB94A495-5D7B-4A05-B1CB-9165C66BA1BE}.Release|Any CPU.ActiveCfg = Release|Any CPU
		{BB94A495-5D7B-4A05-B1CB-9165C66BA1BE}.Release|Any CPU.Build.0 = Release|Any CPU
	EndGlobalSection
	GlobalSection(SolutionProperties) = preSolution
		HideSolutionNode = FALSE
	EndGlobalSection
	GlobalSection(ExtensibilityGlobals) = postSolution
		SolutionGuid = {6B729ECF-17A9-406F-ADF7-CA4D1BFB5227}
	EndGlobalSection
EndGlobal
