
Microsoft Visual Studio Solution File, Format Version 12.00
# Visual Studio Version 17
VisualStudioVersion = 17.5.33516.290
MinimumVisualStudioVersion = 10.0.40219.1
Project("{FAE04EC0-301F-11D3-BF4B-00C04F79EFBC}") = "AbsoluteDiff", "AbsoluteDiff.csproj", "{244242D2-84D3-4451-9211-BCCB2348B65D}"
EndProject
Global
	GlobalSection(SolutionConfigurationPlatforms) = preSolution
		Debug|Any CPU = Debug|Any CPU
		Release|Any CPU = Release|Any CPU
	EndGlobalSection
	GlobalSection(ProjectConfigurationPlatforms) = postSolution
		{244242D2-84D3-4451-9211-BCCB2348B65D}.Debug|Any CPU.ActiveCfg = Debug|Any CPU
		{244242D2-84D3-4451-9211-BCCB2348B65D}.Debug|Any CPU.Build.0 = Debug|Any CPU
		{244242D2-84D3-4451-9211-BCCB2348B65D}.Release|Any CPU.ActiveCfg = Release|Any CPU
		{244242D2-84D3-4451-9211-BCCB2348B65D}.Release|Any CPU.Build.0 = Release|Any CPU
	EndGlobalSection
	GlobalSection(SolutionProperties) = preSolution
		HideSolutionNode = FALSE
	EndGlobalSection
	GlobalSection(ExtensibilityGlobals) = postSolution
		SolutionGuid = {3D60C170-4C27-408E-8AEB-BA1051D58555}
	EndGlobalSection
EndGlobal
