
Microsoft Visual Studio Solution File, Format Version 12.00
# Visual Studio Version 17
VisualStudioVersion = 17.5.33516.290
MinimumVisualStudioVersion = 10.0.40219.1
Project("{FAE04EC0-301F-11D3-BF4B-00C04F79EFBC}") = "AnonymousFun", "AnonymousFun.csproj", "{7ED5A6BF-A9A1-4D75-8154-A04FBDC70191}"
EndProject
Global
	GlobalSection(SolutionConfigurationPlatforms) = preSolution
		Debug|Any CPU = Debug|Any CPU
		Release|Any CPU = Release|Any CPU
	EndGlobalSection
	GlobalSection(ProjectConfigurationPlatforms) = postSolution
		{7ED5A6BF-A9A1-4D75-8154-A04FBDC70191}.Debug|Any CPU.ActiveCfg = Debug|Any CPU
		{7ED5A6BF-A9A1-4D75-8154-A04FBDC70191}.Debug|Any CPU.Build.0 = Debug|Any CPU
		{7ED5A6BF-A9A1-4D75-8154-A04FBDC70191}.Release|Any CPU.ActiveCfg = Release|Any CPU
		{7ED5A6BF-A9A1-4D75-8154-A04FBDC70191}.Release|Any CPU.Build.0 = Release|Any CPU
	EndGlobalSection
	GlobalSection(SolutionProperties) = preSolution
		HideSolutionNode = FALSE
	EndGlobalSection
	GlobalSection(ExtensibilityGlobals) = postSolution
		SolutionGuid = {3DD2A188-2763-4079-9F77-985DDDBD4443}
	EndGlobalSection
EndGlobal
