
Microsoft Visual Studio Solution File, Format Version 12.00
# Visual Studio Version 17
VisualStudioVersion = 17.5.33516.290
MinimumVisualStudioVersion = 10.0.40219.1
Project("{FAE04EC0-301F-11D3-BF4B-00C04F79EFBC}") = "ReapetingWords", "ReapetingWords.csproj", "{62CBF185-8E6D-4A2C-BC9C-66DA1ABDEE36}"
EndProject
Global
	GlobalSection(SolutionConfigurationPlatforms) = preSolution
		Debug|Any CPU = Debug|Any CPU
		Release|Any CPU = Release|Any CPU
	EndGlobalSection
	GlobalSection(ProjectConfigurationPlatforms) = postSolution
		{62CBF185-8E6D-4A2C-BC9C-66DA1ABDEE36}.Debug|Any CPU.ActiveCfg = Debug|Any CPU
		{62CBF185-8E6D-4A2C-BC9C-66DA1ABDEE36}.Debug|Any CPU.Build.0 = Debug|Any CPU
		{62CBF185-8E6D-4A2C-BC9C-66DA1ABDEE36}.Release|Any CPU.ActiveCfg = Release|Any CPU
		{62CBF185-8E6D-4A2C-BC9C-66DA1ABDEE36}.Release|Any CPU.Build.0 = Release|Any CPU
	EndGlobalSection
	GlobalSection(SolutionProperties) = preSolution
		HideSolutionNode = FALSE
	EndGlobalSection
	GlobalSection(ExtensibilityGlobals) = postSolution
		SolutionGuid = {7F7F3C19-B569-4613-B406-00C7447882FC}
	EndGlobalSection
EndGlobal
